// !$*UTF8*$!
{
	archiveVersion = 1;
	classes = {
	};
	objectVersion = 50;
	objects = {

/* Begin PBXBuildFile section */
		040D2E63227A79FC002AE162 /* AppDelegate.m in Sources */ = {isa = PBXBuildFile; fileRef = 040D2E62227A79FC002AE162 /* AppDelegate.m */; };
		040D2E6B227A79FD002AE162 /* Assets.xcassets in Resources */ = {isa = PBXBuildFile; fileRef = 040D2E6A227A79FD002AE162 /* Assets.xcassets */; };
		040D2E6E227A79FD002AE162 /* LaunchScreen.storyboard in Resources */ = {isa = PBXBuildFile; fileRef = 040D2E6C227A79FD002AE162 /* LaunchScreen.storyboard */; };
		040D2E71227A79FD002AE162 /* main.m in Sources */ = {isa = PBXBuildFile; fileRef = 040D2E70227A79FD002AE162 /* main.m */; };
		040D2E7B227A79FD002AE162 /* TouchIDTestTests.m in Sources */ = {isa = PBXBuildFile; fileRef = 040D2E7A227A79FD002AE162 /* TouchIDTestTests.m */; };
		040D2E86227A79FE002AE162 /* TouchIDTestUITests.m in Sources */ = {isa = PBXBuildFile; fileRef = 040D2E85227A79FE002AE162 /* TouchIDTestUITests.m */; };
		040D2E96227A7BBB002AE162 /* LoginViewController.m in Sources */ = {isa = PBXBuildFile; fileRef = 040D2E94227A7BBB002AE162 /* LoginViewController.m */; };
		040D2E97227A7BBB002AE162 /* LoginViewController.xib in Resources */ = {isa = PBXBuildFile; fileRef = 040D2E95227A7BBB002AE162 /* LoginViewController.xib */; };
		040D2E9A227A7C23002AE162 /* LoginManagement.m in Sources */ = {isa = PBXBuildFile; fileRef = 040D2E99227A7C23002AE162 /* LoginManagement.m */; };
		040D2E9E227A7D70002AE162 /* HomeViewController.m in Sources */ = {isa = PBXBuildFile; fileRef = 040D2E9C227A7D70002AE162 /* HomeViewController.m */; };
		040D2E9F227A7D70002AE162 /* HomeViewController.xib in Resources */ = {isa = PBXBuildFile; fileRef = 040D2E9D227A7D70002AE162 /* HomeViewController.xib */; };
		040D2ED3227ADCEB002AE162 /* GestureLockViewController.m in Sources */ = {isa = PBXBuildFile; fileRef = 040D2ED1227ADCEB002AE162 /* GestureLockViewController.m */; };
		040D2ED4227ADCEB002AE162 /* GestureLockViewController.xib in Resources */ = {isa = PBXBuildFile; fileRef = 040D2ED2227ADCEB002AE162 /* GestureLockViewController.xib */; };
		040D2ED8227ADF78002AE162 /* SettingGestureLockVC.m in Sources */ = {isa = PBXBuildFile; fileRef = 040D2ED6227ADF78002AE162 /* SettingGestureLockVC.m */; };
		040D2ED9227ADF78002AE162 /* SettingGestureLockVC.xib in Resources */ = {isa = PBXBuildFile; fileRef = 040D2ED7227ADF78002AE162 /* SettingGestureLockVC.xib */; };
		040D2EDC227ADFDF002AE162 /* GestureLockView.m in Sources */ = {isa = PBXBuildFile; fileRef = 040D2EDB227ADFDF002AE162 /* GestureLockView.m */; };
/* End PBXBuildFile section */

/* Begin PBXContainerItemProxy section */
		040D2E77227A79FD002AE162 /* PBXContainerItemProxy */ = {
			isa = PBXContainerItemProxy;
			containerPortal = 040D2E56227A79FC002AE162 /* Project object */;
			proxyType = 1;
			remoteGlobalIDString = 040D2E5D227A79FC002AE162;
			remoteInfo = TouchIDTest;
		};
		040D2E82227A79FE002AE162 /* PBXContainerItemProxy */ = {
			isa = PBXContainerItemProxy;
			containerPortal = 040D2E56227A79FC002AE162 /* Project object */;
			proxyType = 1;
			remoteGlobalIDString = 040D2E5D227A79FC002AE162;
			remoteInfo = TouchIDTest;
		};
/* End PBXContainerItemProxy section */

/* Begin PBXFileReference section */
		040D2E5E227A79FC002AE162 /* TouchIDTest.app */ = {isa = PBXFileReference; explicitFileType = wrapper.application; includeInIndex = 0; path = TouchIDTest.app; sourceTree = BUILT_PRODUCTS_DIR; };
		040D2E61227A79FC002AE162 /* AppDelegate.h */ = {isa = PBXFileReference; lastKnownFileType = sourcecode.c.h; path = AppDelegate.h; sourceTree = "<group>"; };
		040D2E62227A79FC002AE162 /* AppDelegate.m */ = {isa = PBXFileReference; lastKnownFileType = sourcecode.c.objc; path = AppDelegate.m; sourceTree = "<group>"; };
		040D2E6A227A79FD002AE162 /* Assets.xcassets */ = {isa = PBXFileReference; lastKnownFileType = folder.assetcatalog; path = Assets.xcassets; sourceTree = "<group>"; };
		040D2E6D227A79FD002AE162 /* Base */ = {isa = PBXFileReference; lastKnownFileType = file.storyboard; name = Base; path = Base.lproj/LaunchScreen.storyboard; sourceTree = "<group>"; };
		040D2E6F227A79FD002AE162 /* Info.plist */ = {isa = PBXFileReference; lastKnownFileType = text.plist.xml; path = Info.plist; sourceTree = "<group>"; };
		040D2E70227A79FD002AE162 /* main.m */ = {isa = PBXFileReference; lastKnownFileType = sourcecode.c.objc; path = main.m; sourceTree = "<group>"; };
		040D2E76227A79FD002AE162 /* TouchIDTestTests.xctest */ = {isa = PBXFileReference; explicitFileType = wrapper.cfbundle; includeInIndex = 0; path = TouchIDTestTests.xctest; sourceTree = BUILT_PRODUCTS_DIR; };
		040D2E7A227A79FD002AE162 /* TouchIDTestTests.m */ = {isa = PBXFileReference; lastKnownFileType = sourcecode.c.objc; path = TouchIDTestTests.m; sourceTree = "<group>"; };
		040D2E7C227A79FD002AE162 /* Info.plist */ = {isa = PBXFileReference; lastKnownFileType = text.plist.xml; path = Info.plist; sourceTree = "<group>"; };
		040D2E81227A79FE002AE162 /* TouchIDTestUITests.xctest */ = {isa = PBXFileReference; explicitFileType = wrapper.cfbundle; includeInIndex = 0; path = TouchIDTestUITests.xctest; sourceTree = BUILT_PRODUCTS_DIR; };
		040D2E85227A79FE002AE162 /* TouchIDTestUITests.m */ = {isa = PBXFileReference; lastKnownFileType = sourcecode.c.objc; path = TouchIDTestUITests.m; sourceTree = "<group>"; };
		040D2E87227A79FE002AE162 /* Info.plist */ = {isa = PBXFileReference; lastKnownFileType = text.plist.xml; path = Info.plist; sourceTree = "<group>"; };
		040D2E93227A7BBB002AE162 /* LoginViewController.h */ = {isa = PBXFileReference; lastKnownFileType = sourcecode.c.h; path = LoginViewController.h; sourceTree = "<group>"; };
		040D2E94227A7BBB002AE162 /* LoginViewController.m */ = {isa = PBXFileReference; lastKnownFileType = sourcecode.c.objc; path = LoginViewController.m; sourceTree = "<group>"; };
		040D2E95227A7BBB002AE162 /* LoginViewController.xib */ = {isa = PBXFileReference; lastKnownFileType = file.xib; path = LoginViewController.xib; sourceTree = "<group>"; };
		040D2E98227A7C23002AE162 /* LoginManagement.h */ = {isa = PBXFileReference; lastKnownFileType = sourcecode.c.h; path = LoginManagement.h; sourceTree = "<group>"; };
		040D2E99227A7C23002AE162 /* LoginManagement.m */ = {isa = PBXFileReference; lastKnownFileType = sourcecode.c.objc; path = LoginManagement.m; sourceTree = "<group>"; };
		040D2E9B227A7D70002AE162 /* HomeViewController.h */ = {isa = PBXFileReference; lastKnownFileType = sourcecode.c.h; path = HomeViewController.h; sourceTree = "<group>"; };
		040D2E9C227A7D70002AE162 /* HomeViewController.m */ = {isa = PBXFileReference; lastKnownFileType = sourcecode.c.objc; path = HomeViewController.m; sourceTree = "<group>"; };
		040D2E9D227A7D70002AE162 /* HomeViewController.xib */ = {isa = PBXFileReference; lastKnownFileType = file.xib; path = HomeViewController.xib; sourceTree = "<group>"; };
		040D2ED0227ADCEB002AE162 /* GestureLockViewController.h */ = {isa = PBXFileReference; lastKnownFileType = sourcecode.c.h; path = GestureLockViewController.h; sourceTree = "<group>"; };
		040D2ED1227ADCEB002AE162 /* GestureLockViewController.m */ = {isa = PBXFileReference; lastKnownFileType = sourcecode.c.objc; path = GestureLockViewController.m; sourceTree = "<group>"; };
		040D2ED2227ADCEB002AE162 /* GestureLockViewController.xib */ = {isa = PBXFileReference; lastKnownFileType = file.xib; path = GestureLockViewController.xib; sourceTree = "<group>"; };
		040D2ED5227ADF78002AE162 /* SettingGestureLockVC.h */ = {isa = PBXFileReference; lastKnownFileType = sourcecode.c.h; path = SettingGestureLockVC.h; sourceTree = "<group>"; };
		040D2ED6227ADF78002AE162 /* SettingGestureLockVC.m */ = {isa = PBXFileReference; lastKnownFileType = sourcecode.c.objc; path = SettingGestureLockVC.m; sourceTree = "<group>"; };
		040D2ED7227ADF78002AE162 /* SettingGestureLockVC.xib */ = {isa = PBXFileReference; lastKnownFileType = file.xib; path = SettingGestureLockVC.xib; sourceTree = "<group>"; };
		040D2EDA227ADFDF002AE162 /* GestureLockView.h */ = {isa = PBXFileReference; lastKnownFileType = sourcecode.c.h; path = GestureLockView.h; sourceTree = "<group>"; };
		040D2EDB227ADFDF002AE162 /* GestureLockView.m */ = {isa = PBXFileReference; lastKnownFileType = sourcecode.c.objc; path = GestureLockView.m; sourceTree = "<group>"; };
/* End PBXFileReference section */

/* Begin PBXFrameworksBuildPhase section */
		040D2E5B227A79FC002AE162 /* Frameworks */ = {
			isa = PBXFrameworksBuildPhase;
			buildActionMask = 2147483647;
			files = (
			);
			runOnlyForDeploymentPostprocessing = 0;
		};
		040D2E73227A79FD002AE162 /* Frameworks */ = {
			isa = PBXFrameworksBuildPhase;
			buildActionMask = 2147483647;
			files = (
			);
			runOnlyForDeploymentPostprocessing = 0;
		};
		040D2E7E227A79FE002AE162 /* Frameworks */ = {
			isa = PBXFrameworksBuildPhase;
			buildActionMask = 2147483647;
			files = (
			);
			runOnlyForDeploymentPostprocessing = 0;
		};
/* End PBXFrameworksBuildPhase section */

/* Begin PBXGroup section */
		040D2E55227A79FC002AE162 = {
			isa = PBXGroup;
			children = (
				040D2E60227A79FC002AE162 /* TouchIDTest */,
				040D2E79227A79FD002AE162 /* TouchIDTestTests */,
				040D2E84227A79FE002AE162 /* TouchIDTestUITests */,
				040D2E5F227A79FC002AE162 /* Products */,
			);
			sourceTree = "<group>";
		};
		040D2E5F227A79FC002AE162 /* Products */ = {
			isa = PBXGroup;
			children = (
				040D2E5E227A79FC002AE162 /* TouchIDTest.app */,
				040D2E76227A79FD002AE162 /* TouchIDTestTests.xctest */,
				040D2E81227A79FE002AE162 /* TouchIDTestUITests.xctest */,
			);
			name = Products;
			sourceTree = "<group>";
		};
		040D2E60227A79FC002AE162 /* TouchIDTest */ = {
			isa = PBXGroup;
			children = (
				040D2E61227A79FC002AE162 /* AppDelegate.h */,
				040D2E62227A79FC002AE162 /* AppDelegate.m */,
				040D2E93227A7BBB002AE162 /* LoginViewController.h */,
				040D2E94227A7BBB002AE162 /* LoginViewController.m */,
				040D2E95227A7BBB002AE162 /* LoginViewController.xib */,
				040D2E98227A7C23002AE162 /* LoginManagement.h */,
				040D2E99227A7C23002AE162 /* LoginManagement.m */,
				040D2E9B227A7D70002AE162 /* HomeViewController.h */,
				040D2E9C227A7D70002AE162 /* HomeViewController.m */,
				040D2E9D227A7D70002AE162 /* HomeViewController.xib */,
				040D2ED0227ADCEB002AE162 /* GestureLockViewController.h */,
				040D2ED1227ADCEB002AE162 /* GestureLockViewController.m */,
				040D2ED2227ADCEB002AE162 /* GestureLockViewController.xib */,
				040D2ED5227ADF78002AE162 /* SettingGestureLockVC.h */,
				040D2ED6227ADF78002AE162 /* SettingGestureLockVC.m */,
				040D2ED7227ADF78002AE162 /* SettingGestureLockVC.xib */,
				040D2EDA227ADFDF002AE162 /* GestureLockView.h */,
				040D2EDB227ADFDF002AE162 /* GestureLockView.m */,
				040D2E6A227A79FD002AE162 /* Assets.xcassets */,
				040D2E6C227A79FD002AE162 /* LaunchScreen.storyboard */,
				040D2E6F227A79FD002AE162 /* Info.plist */,
				040D2E70227A79FD002AE162 /* main.m */,
			);
			path = TouchIDTest;
			sourceTree = "<group>";
		};
		040D2E79227A79FD002AE162 /* TouchIDTestTests */ = {
			isa = PBXGroup;
			children = (
				040D2E7A227A79FD002AE162 /* TouchIDTestTests.m */,
				040D2E7C227A79FD002AE162 /* Info.plist */,
			);
			path = TouchIDTestTests;
			sourceTree = "<group>";
		};
		040D2E84227A79FE002AE162 /* TouchIDTestUITests */ = {
			isa = PBXGroup;
			children = (
				040D2E85227A79FE002AE162 /* TouchIDTestUITests.m */,
				040D2E87227A79FE002AE162 /* Info.plist */,
			);
			path = TouchIDTestUITests;
			sourceTree = "<group>";
		};
/* End PBXGroup section */

/* Begin PBXNativeTarget section */
		040D2E5D227A79FC002AE162 /* TouchIDTest */ = {
			isa = PBXNativeTarget;
			buildConfigurationList = 040D2E8A227A79FE002AE162 /* Build configuration list for PBXNativeTarget "TouchIDTest" */;
			buildPhases = (
				040D2E5A227A79FC002AE162 /* Sources */,
				040D2E5B227A79FC002AE162 /* Frameworks */,
				040D2E5C227A79FC002AE162 /* Resources */,
			);
			buildRules = (
			);
			dependencies = (
			);
			name = TouchIDTest;
			productName = TouchIDTest;
			productReference = 040D2E5E227A79FC002AE162 /* TouchIDTest.app */;
			productType = "com.apple.product-type.application";
		};
		040D2E75227A79FD002AE162 /* TouchIDTestTests */ = {
			isa = PBXNativeTarget;
			buildConfigurationList = 040D2E8D227A79FE002AE162 /* Build configuration list for PBXNativeTarget "TouchIDTestTests" */;
			buildPhases = (
				040D2E72227A79FD002AE162 /* Sources */,
				040D2E73227A79FD002AE162 /* Frameworks */,
				040D2E74227A79FD002AE162 /* Resources */,
			);
			buildRules = (
			);
			dependencies = (
				040D2E78227A79FD002AE162 /* PBXTargetDependency */,
			);
			name = TouchIDTestTests;
			productName = TouchIDTestTests;
			productReference = 040D2E76227A79FD002AE162 /* TouchIDTestTests.xctest */;
			productType = "com.apple.product-type.bundle.unit-test";
		};
		040D2E80227A79FE002AE162 /* TouchIDTestUITests */ = {
			isa = PBXNativeTarget;
			buildConfigurationList = 040D2E90227A79FE002AE162 /* Build configuration list for PBXNativeTarget "TouchIDTestUITests" */;
			buildPhases = (
				040D2E7D227A79FE002AE162 /* Sources */,
				040D2E7E227A79FE002AE162 /* Frameworks */,
				040D2E7F227A79FE002AE162 /* Resources */,
			);
			buildRules = (
			);
			dependencies = (
				040D2E83227A79FE002AE162 /* PBXTargetDependency */,
			);
			name = TouchIDTestUITests;
			productName = TouchIDTestUITests;
			productReference = 040D2E81227A79FE002AE162 /* TouchIDTestUITests.xctest */;
			productType = "com.apple.product-type.bundle.ui-testing";
		};
/* End PBXNativeTarget section */

/* Begin PBXProject section */
		040D2E56227A79FC002AE162 /* Project object */ = {
			isa = PBXProject;
			attributes = {
				LastUpgradeCheck = 1010;
				ORGANIZATIONNAME = BSurprise;
				TargetAttributes = {
					040D2E5D227A79FC002AE162 = {
						CreatedOnToolsVersion = 10.1;
					};
					040D2E75227A79FD002AE162 = {
						CreatedOnToolsVersion = 10.1;
						TestTargetID = 040D2E5D227A79FC002AE162;
					};
					040D2E80227A79FE002AE162 = {
						CreatedOnToolsVersion = 10.1;
						TestTargetID = 040D2E5D227A79FC002AE162;
					};
				};
			};
			buildConfigurationList = 040D2E59227A79FC002AE162 /* Build configuration list for PBXProject "TouchIDTest" */;
			compatibilityVersion = "Xcode 9.3";
			developmentRegion = en;
			hasScannedForEncodings = 0;
			knownRegions = (
				en,
				Base,
			);
			mainGroup = 040D2E55227A79FC002AE162;
			productRefGroup = 040D2E5F227A79FC002AE162 /* Products */;
			projectDirPath = "";
			projectRoot = "";
			targets = (
				040D2E5D227A79FC002AE162 /* TouchIDTest */,
				040D2E75227A79FD002AE162 /* TouchIDTestTests */,
				040D2E80227A79FE002AE162 /* TouchIDTestUITests */,
			);
		};
/* End PBXProject section */

/* Begin PBXResourcesBuildPhase section */
		040D2E5C227A79FC002AE162 /* Resources */ = {
			isa = PBXResourcesBuildPhase;
			buildActionMask = 2147483647;
			files = (
				040D2E6E227A79FD002AE162 /* LaunchScreen.storyboard in Resources */,
				040D2E6B227A79FD002AE162 /* Assets.xcassets in Resources */,
				040D2E97227A7BBB002AE162 /* LoginViewController.xib in Resources */,
				040D2E9F227A7D70002AE162 /* HomeViewController.xib in Resources */,
				040D2ED9227ADF78002AE162 /* SettingGestureLockVC.xib in Resources */,
				040D2ED4227ADCEB002AE162 /* GestureLockViewController.xib in Resources */,
			);
			runOnlyForDeploymentPostprocessing = 0;
		};
		040D2E74227A79FD002AE162 /* Resources */ = {
			isa = PBXResourcesBuildPhase;
			buildActionMask = 2147483647;
			files = (
			);
			runOnlyForDeploymentPostprocessing = 0;
		};
		040D2E7F227A79FE002AE162 /* Resources */ = {
			isa = PBXResourcesBuildPhase;
			buildActionMask = 2147483647;
			files = (
			);
			runOnlyForDeploymentPostprocessing = 0;
		};
/* End PBXResourcesBuildPhase section */

/* Begin PBXSourcesBuildPhase section */
		040D2E5A227A79FC002AE162 /* Sources */ = {
			isa = PBXSourcesBuildPhase;
			buildActionMask = 2147483647;
			files = (
				040D2ED8227ADF78002AE162 /* SettingGestureLockVC.m in Sources */,
				040D2E71227A79FD002AE162 /* main.m in Sources */,
				040D2E63227A79FC002AE162 /* AppDelegate.m in Sources */,
				040D2E9A227A7C23002AE162 /* LoginManagement.m in Sources */,
				040D2E9E227A7D70002AE162 /* HomeViewController.m in Sources */,
				040D2E96227A7BBB002AE162 /* LoginViewController.m in Sources */,
				040D2ED3227ADCEB002AE162 /* GestureLockViewController.m in Sources */,
				040D2EDC227ADFDF002AE162 /* GestureLockView.m in Sources */,
			);
			runOnlyForDeploymentPostprocessing = 0;
		};
		040D2E72227A79FD002AE162 /* Sources */ = {
			isa = PBXSourcesBuildPhase;
			buildActionMask = 2147483647;
			files = (
				040D2E7B227A79FD002AE162 /* TouchIDTestTests.m in Sources */,
			);
			runOnlyForDeploymentPostprocessing = 0;
		};
		040D2E7D227A79FE002AE162 /* Sources */ = {
			isa = PBXSourcesBuildPhase;
			buildActionMask = 2147483647;
			files = (
				040D2E86227A79FE002AE162 /* TouchIDTestUITests.m in Sources */,
			);
			runOnlyForDeploymentPostprocessing = 0;
		};
/* End PBXSourcesBuildPhase section */

/* Begin PBXTargetDependency section */
		040D2E78227A79FD002AE162 /* PBXTargetDependency */ = {
			isa = PBXTargetDependency;
			target = 040D2E5D227A79FC002AE162 /* TouchIDTest */;
			targetProxy = 040D2E77227A79FD002AE162 /* PBXContainerItemProxy */;
		};
		040D2E83227A79FE002AE162 /* PBXTargetDependency */ = {
			isa = PBXTargetDependency;
			target = 040D2E5D227A79FC002AE162 /* TouchIDTest */;
			targetProxy = 040D2E82227A79FE002AE162 /* PBXContainerItemProxy */;
		};
/* End PBXTargetDependency section */

/* Begin PBXVariantGroup section */
		040D2E6C227A79FD002AE162 /* LaunchScreen.storyboard */ = {
			isa = PBXVariantGroup;
			children = (
				040D2E6D227A79FD002AE162 /* Base */,
			);
			name = LaunchScreen.storyboard;
			sourceTree = "<group>";
		};
/* End PBXVariantGroup section */

/* Begin XCBuildConfiguration section */
		040D2E88227A79FE002AE162 /* Debug */ = {
			isa = XCBuildConfiguration;
			buildSettings = {
				ALWAYS_SEARCH_USER_PATHS = NO;
				CLANG_ANALYZER_NONNULL = YES;
				CLANG_ANALYZER_NUMBER_OBJECT_CONVERSION = YES_AGGRESSIVE;
				CLANG_CXX_LANGUAGE_STANDARD = "gnu++14";
				CLANG_CXX_LIBRARY = "libc++";
				CLANG_ENABLE_MODULES = YES;
				CLANG_ENABLE_OBJC_ARC = YES;
				CLANG_ENABLE_OBJC_WEAK = YES;
				CLANG_WARN_BLOCK_CAPTURE_AUTORELEASING = YES;
				CLANG_WARN_BOOL_CONVERSION = YES;
				CLANG_WARN_COMMA = YES;
				CLANG_WARN_CONSTANT_CONVERSION = YES;
				CLANG_WARN_DEPRECATED_OBJC_IMPLEMENTATIONS = YES;
				CLANG_WARN_DIRECT_OBJC_ISA_USAGE = YES_ERROR;
				CLANG_WARN_DOCUMENTATION_COMMENTS = YES;
				CLANG_WARN_EMPTY_BODY = YES;
				CLANG_WARN_ENUM_CONVERSION = YES;
				CLANG_WARN_INFINITE_RECURSION = YES;
				CLANG_WARN_INT_CONVERSION = YES;
				CLANG_WARN_NON_LITERAL_NULL_CONVERSION = YES;
				CLANG_WARN_OBJC_IMPLICIT_RETAIN_SELF = YES;
				CLANG_WARN_OBJC_LITERAL_CONVERSION = YES;
				CLANG_WARN_OBJC_ROOT_CLASS = YES_ERROR;
				CLANG_WARN_RANGE_LOOP_ANALYSIS = YES;
				CLANG_WARN_STRICT_PROTOTYPES = YES;
				CLANG_WARN_SUSPICIOUS_MOVE = YES;
				CLANG_WARN_UNGUARDED_AVAILABILITY = YES_AGGRESSIVE;
				CLANG_WARN_UNREACHABLE_CODE = YES;
				CLANG_WARN__DUPLICATE_METHOD_MATCH = YES;
				CODE_SIGN_IDENTITY = "iPhone Developer";
				COPY_PHASE_STRIP = NO;
				DEBUG_INFORMATION_FORMAT = dwarf;
				ENABLE_STRICT_OBJC_MSGSEND = YES;
				ENABLE_TESTABILITY = YES;
				GCC_C_LANGUAGE_STANDARD = gnu11;
				GCC_DYNAMIC_NO_PIC = NO;
				GCC_NO_COMMON_BLOCKS = YES;
				GCC_OPTIMIZATION_LEVEL = 0;
				GCC_PREPROCESSOR_DEFINITIONS = (
					"DEBUG=1",
					"$(inherited)",
				);
				GCC_WARN_64_TO_32_BIT_CONVERSION = YES;
				GCC_WARN_ABOUT_RETURN_TYPE = YES_ERROR;
				GCC_WARN_UNDECLARED_SELECTOR = YES;
				GCC_WARN_UNINITIALIZED_AUTOS = YES_AGGRESSIVE;
				GCC_WARN_UNUSED_FUNCTION = YES;
				GCC_WARN_UNUSED_VARIABLE = YES;
				IPHONEOS_DEPLOYMENT_TARGET = 12.1;
				MTL_ENABLE_DEBUG_INFO = INCLUDE_SOURCE;
				MTL_FAST_MATH = YES;
				ONLY_ACTIVE_ARCH = YES;
				SDKROOT = iphoneos;
			};
			name = Debug;
		};
		040D2E89227A79FE002AE162 /* Release */ = {
			isa = XCBuildConfiguration;
			buildSettings = {
				ALWAYS_SEARCH_USER_PATHS = NO;
				CLANG_ANALYZER_NONNULL = YES;
				CLANG_ANALYZER_NUMBER_OBJECT_CONVERSION = YES_AGGRESSIVE;
				CLANG_CXX_LANGUAGE_STANDARD = "gnu++14";
				CLANG_CXX_LIBRARY = "libc++";
				CLANG_ENABLE_MODULES = YES;
				CLANG_ENABLE_OBJC_ARC = YES;
				CLANG_ENABLE_OBJC_WEAK = YES;
				CLANG_WARN_BLOCK_CAPTURE_AUTORELEASING = YES;
				CLANG_WARN_BOOL_CONVERSION = YES;
				CLANG_WARN_COMMA = YES;
				CLANG_WARN_CONSTANT_CONVERSION = YES;
				CLANG_WARN_DEPRECATED_OBJC_IMPLEMENTATIONS = YES;
				CLANG_WARN_DIRECT_OBJC_ISA_USAGE = YES_ERROR;
				CLANG_WARN_DOCUMENTATION_COMMENTS = YES;
				CLANG_WARN_EMPTY_BODY = YES;
				CLANG_WARN_ENUM_CONVERSION = YES;
				CLANG_WARN_INFINITE_RECURSION = YES;
				CLANG_WARN_INT_CONVERSION = YES;
				CLANG_WARN_NON_LITERAL_NULL_CONVERSION = YES;
				CLANG_WARN_OBJC_IMPLICIT_RETAIN_SELF = YES;
				CLANG_WARN_OBJC_LITERAL_CONVERSION = YES;
				CLANG_WARN_OBJC_ROOT_CLASS = YES_ERROR;
				CLANG_WARN_RANGE_LOOP_ANALYSIS = YES;
				CLANG_WARN_STRICT_PROTOTYPES = YES;
				CLANG_WARN_SUSPICIOUS_MOVE = YES;
				CLANG_WARN_UNGUARDED_AVAILABILITY = YES_AGGRESSIVE;
				CLANG_WARN_UNREACHABLE_CODE = YES;
				CLANG_WARN__DUPLICATE_METHOD_MATCH = YES;
				CODE_SIGN_IDENTITY = "iPhone Developer";
				COPY_PHASE_STRIP = NO;
				DEBUG_INFORMATION_FORMAT = "dwarf-with-dsym";
				ENABLE_NS_ASSERTIONS = NO;
				ENABLE_STRICT_OBJC_MSGSEND = YES;
				GCC_C_LANGUAGE_STANDARD = gnu11;
				GCC_NO_COMMON_BLOCKS = YES;
				GCC_WARN_64_TO_32_BIT_CONVERSION = YES;
				GCC_WARN_ABOUT_RETURN_TYPE = YES_ERROR;
				GCC_WARN_UNDECLARED_SELECTOR = YES;
				GCC_WARN_UNINITIALIZED_AUTOS = YES_AGGRESSIVE;
				GCC_WARN_UNUSED_FUNCTION = YES;
				GCC_WARN_UNUSED_VARIABLE = YES;
				IPHONEOS_DEPLOYMENT_TARGET = 12.1;
				MTL_ENABLE_DEBUG_INFO = NO;
				MTL_FAST_MATH = YES;
				SDKROOT = iphoneos;
				VALIDATE_PRODUCT = YES;
			};
			name = Release;
		};
		040D2E8B227A79FE002AE162 /* Debug */ = {
			isa = XCBuildConfiguration;
			buildSettings = {
				ASSETCATALOG_COMPILER_APPICON_NAME = AppIcon;
				CODE_SIGN_STYLE = Automatic;
				DEVELOPMENT_TEAM = 4AMLBX7JS9;
				INFOPLIST_FILE = TouchIDTest/Info.plist;
				IPHONEOS_DEPLOYMENT_TARGET = 9.0;
				LD_RUNPATH_SEARCH_PATHS = (
					"$(inherited)",
					"@executable_path/Frameworks",
				);
				PRODUCT_BUNDLE_IDENTIFIER = com.BSurprise.TouchIDTest;
				PRODUCT_NAME = "$(TARGET_NAME)";
				TARGETED_DEVICE_FAMILY = 1;
			};
			name = Debug;
		};
		040D2E8C227A79FE002AE162 /* Release */ = {
			isa = XCBuildConfiguration;
			buildSettings = {
				ASSETCATALOG_COMPILER_APPICON_NAME = AppIcon;
				CODE_SIGN_STYLE = Automatic;
				DEVELOPMENT_TEAM = 4AMLBX7JS9;
				INFOPLIST_FILE = TouchIDTest/Info.plist;
				IPHONEOS_DEPLOYMENT_TARGET = 9.0;
				LD_RUNPATH_SEARCH_PATHS = (
					"$(inherited)",
					"@executable_path/Frameworks",
				);
				PRODUCT_BUNDLE_IDENTIFIER = com.BSurprise.TouchIDTest;
				PRODUCT_NAME = "$(TARGET_NAME)";
				TARGETED_DEVICE_FAMILY = 1;
			};
			name = Release;
		};
		040D2E8E227A79FE002AE162 /* Debug */ = {
			isa = XCBuildConfiguration;
			buildSettings = {
				BUNDLE_LOADER = "$(TEST_HOST)";
				CODE_SIGN_STYLE = Automatic;
				DEVELOPMENT_TEAM = 4AMLBX7JS9;
				INFOPLIST_FILE = TouchIDTestTests/Info.plist;
				LD_RUNPATH_SEARCH_PATHS = (
					"$(inherited)",
					"@executable_path/Frameworks",
					"@loader_path/Frameworks",
				);
				PRODUCT_BUNDLE_IDENTIFIER = com.BSurprise.TouchIDTestTests;
				PRODUCT_NAME = "$(TARGET_NAME)";
				TARGETED_DEVICE_FAMILY = "1,2";
				TEST_HOST = "$(BUILT_PRODUCTS_DIR)/TouchIDTest.app/TouchIDTest";
			};
			name = Debug;
		};
		040D2E8F227A79FE002AE162 /* Release */ = {
			isa = XCBuildConfiguration;
			buildSettings = {
				BUNDLE_LOADER = "$(TEST_HOST)";
				CODE_SIGN_STYLE = Automatic;
				DEVELOPMENT_TEAM = 4AMLBX7JS9;
				INFOPLIST_FILE = TouchIDTestTests/Info.plist;
				LD_RUNPATH_SEARCH_PATHS = (
					"$(inherited)",
					"@executable_path/Frameworks",
					"@loader_path/Frameworks",
				);
				PRODUCT_BUNDLE_IDENTIFIER = com.BSurprise.TouchIDTestTests;
				PRODUCT_NAME = "$(TARGET_NAME)";
				TARGETED_DEVICE_FAMILY = "1,2";
				TEST_HOST = "$(BUILT_PRODUCTS_DIR)/TouchIDTest.app/TouchIDTest";
			};
			name = Release;
		};
		040D2E91227A79FE002AE162 /* Debug */ = {
			isa = XCBuildConfiguration;
			buildSettings = {
				CODE_SIGN_STYLE = Automatic;
				DEVELOPMENT_TEAM = 4AMLBX7JS9;
				INFOPLIST_FILE = TouchIDTestUITests/Info.plist;
				LD_RUNPATH_SEARCH_PATHS = (
					"$(inherited)",
					"@executable_path/Frameworks",
					"@loader_path/Frameworks",
				);
				PRODUCT_BUNDLE_IDENTIFIER = com.BSurprise.TouchIDTestUITests;
				PRODUCT_NAME = "$(TARGET_NAME)";
				TARGETED_DEVICE_FAMILY = "1,2";
				TEST_TARGET_NAME = TouchIDTest;
			};
			name = Debug;
		};
		040D2E92227A79FE002AE162 /* Release */ = {
			isa = XCBuildConfiguration;
			buildSettings = {
				CODE_SIGN_STYLE = Automatic;
				DEVELOPMENT_TEAM = 4AMLBX7JS9;
				INFOPLIST_FILE = TouchIDTestUITests/Info.plist;
				LD_RUNPATH_SEARCH_PATHS = (
					"$(inherited)",
					"@executable_path/Frameworks",
					"@loader_path/Frameworks",
				);
				PRODUCT_BUNDLE_IDENTIFIER = com.BSurprise.TouchIDTestUITests;
				PRODUCT_NAME = "$(TARGET_NAME)";
				TARGETED_DEVICE_FAMILY = "1,2";
				TEST_TARGET_NAME = TouchIDTest;
			};
			name = Release;
		};
/* End XCBuildConfiguration section */

/* Begin XCConfigurationList section */
		040D2E59227A79FC002AE162 /* Build configuration list for PBXProject "TouchIDTest" */ = {
			isa = XCConfigurationList;
			buildConfigurations = (
				040D2E88227A79FE002AE162 /* Debug */,
				040D2E89227A79FE002AE162 /* Release */,
			);
			defaultConfigurationIsVisible = 0;
			defaultConfigurationName = Release;
		};
		040D2E8A227A79FE002AE162 /* Build configuration list for PBXNativeTarget "TouchIDTest" */ = {
			isa = XCConfigurationList;
			buildConfigurations = (
				040D2E8B227A79FE002AE162 /* Debug */,
				040D2E8C227A79FE002AE162 /* Release */,
			);
			defaultConfigurationIsVisible = 0;
			defaultConfigurationName = Release;
		};
		040D2E8D227A79FE002AE162 /* Build configuration list for PBXNativeTarget "TouchIDTestTests" */ = {
			isa = XCConfigurationList;
			buildConfigurations = (
				040D2E8E227A79FE002AE162 /* Debug */,
				040D2E8F227A79FE002AE162 /* Release */,
			);
			defaultConfigurationIsVisible = 0;
			defaultConfigurationName = Release;
		};
		040D2E90227A79FE002AE162 /* Build configuration list for PBXNativeTarget "TouchIDTestUITests" */ = {
			isa = XCConfigurationList;
			buildConfigurations = (
				040D2E91227A79FE002AE162 /* Debug */,
				040D2E92227A79FE002AE162 /* Release */,
			);
			defaultConfigurationIsVisible = 0;
			defaultConfigurationName = Release;
		};
/* End XCConfigurationList section */
	};
	rootObject = 040D2E56227A79FC002AE162 /* Project object */;
}
